dependencies:
  espressif/esp_jpeg:
    component_hash: defb83669293cbf86d0fa86b475ba5517aceed04ed70db435388c151ab37b5d7
    dependencies:
    - name: idf
      require: private
      version: '>=5.0'
    source:
      registry_url: https://components.espressif.com/
      type: service
    version: 1.3.1
  idf:
    source:
      type: idf
    version: 6.0.1
direct_dependencies:
- espressif/esp_jpeg
manifest_hash: 732d0c5b36d3de6049f523c7f5d176124638bd8780af95f1e9a3cf347f7f683f
target: esp32s3
version: 2.0.0
